
Microsoft Visual Studio Solution File, Format Version 12.00
# Visual Studio Version 16
VisualStudioVersion = 16.0.29709.97
MinimumVisualStudioVersion = 10.0.40219.1
Project("{FAE04EC0-301F-11D3-BF4B-00C04F79EFBC}") = "MyTestApp", "MyTestApp\MyTestApp.csproj", "{BA5507BC-DEEE-4644-9B49-23172CD086CC}"
EndProject
Global
	GlobalSection(SolutionConfigurationPlatforms) = preSolution
		Debug|Any CPU = Debug|Any CPU
		Release|Any CPU = Release|Any CPU
	EndGlobalSection
	GlobalSection(ProjectConfigurationPlatforms) = postSolution
		{BA5507BC-DEEE-4644-9B49-23172CD086CC}.Debug|Any CPU.ActiveCfg = Debug|Any CPU
		{BA5507BC-DEEE-4644-9B49-23172CD086CC}.Debug|Any CPU.Build.0 = Debug|Any CPU
		{BA5507BC-DEEE-4644-9B49-23172CD086CC}.Release|Any CPU.ActiveCfg = Release|Any CPU
		{BA5507BC-DEEE-4644-9B49-23172CD086CC}.Release|Any CPU.Build.0 = Release|Any CPU
	EndGlobalSection
	GlobalSection(SolutionProperties) = preSolution
		HideSolutionNode = FALSE
	EndGlobalSection
	GlobalSection(ExtensibilityGlobals) = postSolution
		SolutionGuid = {C307CC06-BDF7-4470-9552-61BB219AB8AA}
	EndGlobalSection
EndGlobal
